
Microsoft Visual Studio Solution File, Format Version 12.00
# Visual Studio Version 16
VisualStudioVersion = 16.0.31624.102
MinimumVisualStudioVersion = 10.0.40219.1
Project("{FAE04EC0-301F-11D3-BF4B-00C04F79EFBC}") = "QLK", "QLK.csproj", "{6EBD6EC5-E92A-4660-B32F-E6E9806306A0}"
EndProject
Global
	GlobalSection(SolutionConfigurationPlatforms) = preSolution
		Debug|Any CPU = Debug|Any CPU
		Release|Any CPU = Release|Any CPU
	EndGlobalSection
	GlobalSection(ProjectConfigurationPlatforms) = postSolution
		{6EBD6EC5-E92A-4660-B32F-E6E9806306A0}.Debug|Any CPU.ActiveCfg = Debug|Any CPU
		{6EBD6EC5-E92A-4660-B32F-E6E9806306A0}.Debug|Any CPU.Build.0 = Debug|Any CPU
		{6EBD6EC5-E92A-4660-B32F-E6E9806306A0}.Release|Any CPU.ActiveCfg = Release|Any CPU
		{6EBD6EC5-E92A-4660-B32F-E6E9806306A0}.Release|Any CPU.Build.0 = Release|Any CPU
	EndGlobalSection
	GlobalSection(SolutionProperties) = preSolution
		HideSolutionNode = FALSE
	EndGlobalSection
	GlobalSection(ExtensibilityGlobals) = postSolution
		SolutionGuid = {20DBCE40-278F-4ED1-B3A3-111D98D66B2F}
	EndGlobalSection
EndGlobal
